
Microsoft Visual Studio Solution File, Format Version 12.00
# Visual Studio 15
VisualStudioVersion = 15.0.26228.9
MinimumVisualStudioVersion = 10.0.40219.1
Project("{FAE04EC0-301F-11D3-BF4B-00C04F79EFBC}") = "Delegate-AnonymousFunction-method", "Delegate-AnonymousFunction-method\Delegate-AnonymousFunction-method.csproj", "{437E55D6-A9AA-4BF6-B252-7C2C9B854CAA}"
EndProject
Global
	GlobalSection(SolutionConfigurationPlatforms) = preSolution
		Debug|Any CPU = Debug|Any CPU
		Release|Any CPU = Release|Any CPU
	EndGlobalSection
	GlobalSection(ProjectConfigurationPlatforms) = postSolution
		{437E55D6-A9AA-4BF6-B252-7C2C9B854CAA}.Debug|Any CPU.ActiveCfg = Debug|Any CPU
		{437E55D6-A9AA-4BF6-B252-7C2C9B854CAA}.Debug|Any CPU.Build.0 = Debug|Any CPU
		{437E55D6-A9AA-4BF6-B252-7C2C9B854CAA}.Release|Any CPU.ActiveCfg = Release|Any CPU
		{437E55D6-A9AA-4BF6-B252-7C2C9B854CAA}.Release|Any CPU.Build.0 = Release|Any CPU
	EndGlobalSection
	GlobalSection(SolutionProperties) = preSolution
		HideSolutionNode = FALSE
	EndGlobalSection
EndGlobal
